PODS:
  - NDModificationOperators/ObjC (1.0)
  - NDModificationOperators/Swift (1.0)

DEPENDENCIES:
  - NDModificationOperators/ObjC (from `.`)
  - NDModificationOperators/Swift (from `.`)

EXTERNAL SOURCES:
  NDModificationOperators:
    :path: "."

SPEC CHECKSUMS:
  NDModificationOperators: 6599c843fc9d945ac03eb01689f635144e95905c

PODFILE CHECKSUM: b0c8c7bce882f116896296caf22cd90059516916

COCOAPODS: 1.10.1
